// !$*UTF8*$!
{
	archiveVersion = 1;
	classes = {
	};
	objectVersion = 56;
	objects = {

/* Begin PBXBuildFile section */
		A554C0EB2AA2A90500408FD3 /* LocationBasedMeditationApp.swift in Sources */ = {isa = PBXBuildFile; fileRef = A554C0EA2AA2A90500408FD3 /* LocationBasedMeditationApp.swift */; };
		A554C0ED2AA2A90500408FD3 /* MeditationList.swift in Sources */ = {isa = PBXBuildFile; fileRef = A554C0EC2AA2A90500408FD3 /* MeditationList.swift */; };
		A554C0EF2AA2A90500408FD3 /* Assets.xcassets in Resources */ = {isa = PBXBuildFile; fileRef = A554C0EE2AA2A90500408FD3 /* Assets.xcassets */; };
		A554C0F22AA2A90500408FD3 /* Preview Assets.xcassets in Resources */ = {isa = PBXBuildFile; fileRef = A554C0F12AA2A90500408FD3 /* Preview Assets.xcassets */; };
		A554C0F92AA2A95600408FD3 /* MeditationListItem.swift in Sources */ = {isa = PBXBuildFile; fileRef = A554C0F82AA2A95600408FD3 /* MeditationListItem.swift */; };
		A554C0FC2AA2AA8900408FD3 /* ComposableArchitecture in Frameworks */ = {isa = PBXBuildFile; productRef = A554C0FB2AA2AA8900408FD3 /* ComposableArchitecture */; };
		A554C0FE2AA2AD1200408FD3 /* MeditationService.swift in Sources */ = {isa = PBXBuildFile; fileRef = A554C0FD2AA2AD1200408FD3 /* MeditationService.swift */; };
		A554C1002AA2AD7B00408FD3 /* data.json in Resources */ = {isa = PBXBuildFile; fileRef = A554C0FF2AA2AD7B00408FD3 /* data.json */; };
		A554C1022AA2B28F00408FD3 /* data_with_location.json in Resources */ = {isa = PBXBuildFile; fileRef = A554C1012AA2B28F00408FD3 /* data_with_location.json */; };
		A554C1042AA2BA2E00408FD3 /* Colors.swift in Sources */ = {isa = PBXBuildFile; fileRef = A554C1032AA2BA2E00408FD3 /* Colors.swift */; };
		A554C1082AA2C9C300408FD3 /* Models.swift in Sources */ = {isa = PBXBuildFile; fileRef = A554C1072AA2C9C300408FD3 /* Models.swift */; };
		A554C10A2AA2CE1C00408FD3 /* LocationService.swift in Sources */ = {isa = PBXBuildFile; fileRef = A554C1092AA2CE1C00408FD3 /* LocationService.swift */; };
		A554C10C2AA2D24400408FD3 /* Readme.md in Resources */ = {isa = PBXBuildFile; fileRef = A554C10B2AA2D24400408FD3 /* Readme.md */; };
		A5D3AC1B2AA36CCE0021CDA2 /* AsyncLocationKit in Frameworks */ = {isa = PBXBuildFile; productRef = A5D3AC1A2AA36CCE0021CDA2 /* AsyncLocationKit */; };
		A5D3AC1D2AA36EAF0021CDA2 /* LocationClient.swift in Sources */ = {isa = PBXBuildFile; fileRef = A5D3AC1C2AA36EAF0021CDA2 /* LocationClient.swift */; };
		A5D3AC222AA3752F0021CDA2 /* MeditationFeature.swift in Sources */ = {isa = PBXBuildFile; fileRef = A5D3AC212AA3752F0021CDA2 /* MeditationFeature.swift */; };
		A5D3AC242AA3754B0021CDA2 /* Location+Extensions.swift in Sources */ = {isa = PBXBuildFile; fileRef = A5D3AC232AA3754B0021CDA2 /* Location+Extensions.swift */; };
		A5D3AC262AA47C680021CDA2 /* MeditationListHeader.swift in Sources */ = {isa = PBXBuildFile; fileRef = A5D3AC252AA47C680021CDA2 /* MeditationListHeader.swift */; };
/* End PBXBuildFile section */

/* Begin PBXFileReference section */
		A554C0E72AA2A90500408FD3 /* LocationBasedMeditation.app */ = {isa = PBXFileReference; explicitFileType = wrapper.application; includeInIndex = 0; path = LocationBasedMeditation.app; sourceTree = BUILT_PRODUCTS_DIR; };
		A554C0EA2AA2A90500408FD3 /* LocationBasedMeditationApp.swift */ = {isa = PBXFileReference; lastKnownFileType = sourcecode.swift; path = LocationBasedMeditationApp.swift; sourceTree = "<group>"; };
		A554C0EC2AA2A90500408FD3 /* MeditationList.swift */ = {isa = PBXFileReference; lastKnownFileType = sourcecode.swift; path = MeditationList.swift; sourceTree = "<group>"; };
		A554C0EE2AA2A90500408FD3 /* Assets.xcassets */ = {isa = PBXFileReference; lastKnownFileType = folder.assetcatalog; path = Assets.xcassets; sourceTree = "<group>"; };
		A554C0F12AA2A90500408FD3 /* Preview Assets.xcassets */ = {isa = PBXFileReference; lastKnownFileType = folder.assetcatalog; path = "Preview Assets.xcassets"; sourceTree = "<group>"; };
		A554C0F82AA2A95600408FD3 /* MeditationListItem.swift */ = {isa = PBXFileReference; lastKnownFileType = sourcecode.swift; path = MeditationListItem.swift; sourceTree = "<group>"; };
		A554C0FD2AA2AD1200408FD3 /* MeditationService.swift */ = {isa = PBXFileReference; lastKnownFileType = sourcecode.swift; path = MeditationService.swift; sourceTree = "<group>"; };
		A554C0FF2AA2AD7B00408FD3 /* data.json */ = {isa = PBXFileReference; lastKnownFileType = text.json; path = data.json; sourceTree = "<group>"; };
		A554C1012AA2B28F00408FD3 /* data_with_location.json */ = {isa = PBXFileReference; lastKnownFileType = text.json; path = data_with_location.json; sourceTree = "<group>"; };
		A554C1032AA2BA2E00408FD3 /* Colors.swift */ = {isa = PBXFileReference; lastKnownFileType = sourcecode.swift; path = Colors.swift; sourceTree = "<group>"; };
		A554C1072AA2C9C300408FD3 /* Models.swift */ = {isa = PBXFileReference; lastKnownFileType = sourcecode.swift; path = Models.swift; sourceTree = "<group>"; };
		A554C1092AA2CE1C00408FD3 /* LocationService.swift */ = {isa = PBXFileReference; lastKnownFileType = sourcecode.swift; path = LocationService.swift; sourceTree = "<group>"; };
		A554C10B2AA2D24400408FD3 /* Readme.md */ = {isa = PBXFileReference; lastKnownFileType = net.daringfireball.markdown; path = Readme.md; sourceTree = "<group>"; };
		A5D3AC1C2AA36EAF0021CDA2 /* LocationClient.swift */ = {isa = PBXFileReference; lastKnownFileType = sourcecode.swift; path = LocationClient.swift; sourceTree = "<group>"; };
		A5D3AC212AA3752F0021CDA2 /* MeditationFeature.swift */ = {isa = PBXFileReference; lastKnownFileType = sourcecode.swift; path = MeditationFeature.swift; sourceTree = "<group>"; };
		A5D3AC232AA3754B0021CDA2 /* Location+Extensions.swift */ = {isa = PBXFileReference; lastKnownFileType = sourcecode.swift; path = "Location+Extensions.swift"; sourceTree = "<group>"; };
		A5D3AC252AA47C680021CDA2 /* MeditationListHeader.swift */ = {isa = PBXFileReference; lastKnownFileType = sourcecode.swift; path = MeditationListHeader.swift; sourceTree = "<group>"; };
/* End PBXFileReference section */

/* Begin PBXFrameworksBuildPhase section */
		A554C0E42AA2A90500408FD3 /* Frameworks */ = {
			isa = PBXFrameworksBuildPhase;
			buildActionMask = 2147483647;
			files = (
				A554C0FC2AA2AA8900408FD3 /* ComposableArchitecture in Frameworks */,
				A5D3AC1B2AA36CCE0021CDA2 /* AsyncLocationKit in Frameworks */,
			);
			runOnlyForDeploymentPostprocessing = 0;
		};
/* End PBXFrameworksBuildPhase section */

/* Begin PBXGroup section */
		A554C0DE2AA2A90500408FD3 = {
			isa = PBXGroup;
			children = (
				A554C0E92AA2A90500408FD3 /* LocationBasedMeditation */,
				A554C0E82AA2A90500408FD3 /* Products */,
			);
			sourceTree = "<group>";
		};
		A554C0E82AA2A90500408FD3 /* Products */ = {
			isa = PBXGroup;
			children = (
				A554C0E72AA2A90500408FD3 /* LocationBasedMeditation.app */,
			);
			name = Products;
			sourceTree = "<group>";
		};
		A554C0E92AA2A90500408FD3 /* LocationBasedMeditation */ = {
			isa = PBXGroup;
			children = (
				A5D3AC1E2AA3744F0021CDA2 /* Meditations */,
				A5D3AC202AA374740021CDA2 /* Models */,
				A5D3AC1F2AA374640021CDA2 /* Helpers */,
				A554C1102AA350F000408FD3 /* Resources */,
				A554C0F02AA2A90500408FD3 /* Preview Content */,
				A554C0EE2AA2A90500408FD3 /* Assets.xcassets */,
				A554C0EA2AA2A90500408FD3 /* LocationBasedMeditationApp.swift */,
				A554C10B2AA2D24400408FD3 /* Readme.md */,
			);
			path = LocationBasedMeditation;
			sourceTree = "<group>";
		};
		A554C0F02AA2A90500408FD3 /* Preview Content */ = {
			isa = PBXGroup;
			children = (
				A554C0F12AA2A90500408FD3 /* Preview Assets.xcassets */,
			);
			path = "Preview Content";
			sourceTree = "<group>";
		};
		A554C1102AA350F000408FD3 /* Resources */ = {
			isa = PBXGroup;
			children = (
				A554C0FF2AA2AD7B00408FD3 /* data.json */,
				A554C1012AA2B28F00408FD3 /* data_with_location.json */,
			);
			path = Resources;
			sourceTree = "<group>";
		};
		A5D3AC1E2AA3744F0021CDA2 /* Meditations */ = {
			isa = PBXGroup;
			children = (
				A5D3AC212AA3752F0021CDA2 /* MeditationFeature.swift */,
				A554C0EC2AA2A90500408FD3 /* MeditationList.swift */,
				A554C0F82AA2A95600408FD3 /* MeditationListItem.swift */,
				A5D3AC252AA47C680021CDA2 /* MeditationListHeader.swift */,
			);
			path = Meditations;
			sourceTree = "<group>";
		};
		A5D3AC1F2AA374640021CDA2 /* Helpers */ = {
			isa = PBXGroup;
			children = (
				A554C1032AA2BA2E00408FD3 /* Colors.swift */,
				A5D3AC232AA3754B0021CDA2 /* Location+Extensions.swift */,
			);
			path = Helpers;
			sourceTree = "<group>";
		};
		A5D3AC202AA374740021CDA2 /* Models */ = {
			isa = PBXGroup;
			children = (
				A554C0FD2AA2AD1200408FD3 /* MeditationService.swift */,
				A554C1092AA2CE1C00408FD3 /* LocationService.swift */,
				A5D3AC1C2AA36EAF0021CDA2 /* LocationClient.swift */,
				A554C1072AA2C9C300408FD3 /* Models.swift */,
			);
			path = Models;
			sourceTree = "<group>";
		};
/* End PBXGroup section */

/* Begin PBXNativeTarget section */
		A554C0E62AA2A90500408FD3 /* LocationBasedMeditation */ = {
			isa = PBXNativeTarget;
			buildConfigurationList = A554C0F52AA2A90500408FD3 /* Build configuration list for PBXNativeTarget "LocationBasedMeditation" */;
			buildPhases = (
				A554C0E32AA2A90500408FD3 /* Sources */,
				A554C0E42AA2A90500408FD3 /* Frameworks */,
				A554C0E52AA2A90500408FD3 /* Resources */,
			);
			buildRules = (
			);
			dependencies = (
			);
			name = LocationBasedMeditation;
			packageProductDependencies = (
				A554C0FB2AA2AA8900408FD3 /* ComposableArchitecture */,
				A5D3AC1A2AA36CCE0021CDA2 /* AsyncLocationKit */,
			);
			productName = LocationBasedMeditation;
			productReference = A554C0E72AA2A90500408FD3 /* LocationBasedMeditation.app */;
			productType = "com.apple.product-type.application";
		};
/* End PBXNativeTarget section */

/* Begin PBXProject section */
		A554C0DF2AA2A90500408FD3 /* Project object */ = {
			isa = PBXProject;
			attributes = {
				BuildIndependentTargetsInParallel = 1;
				LastSwiftUpdateCheck = 1430;
				LastUpgradeCheck = 1430;
				TargetAttributes = {
					A554C0E62AA2A90500408FD3 = {
						CreatedOnToolsVersion = 14.3;
					};
				};
			};
			buildConfigurationList = A554C0E22AA2A90500408FD3 /* Build configuration list for PBXProject "LocationBasedMeditation" */;
			compatibilityVersion = "Xcode 14.0";
			developmentRegion = en;
			hasScannedForEncodings = 0;
			knownRegions = (
				en,
				Base,
			);
			mainGroup = A554C0DE2AA2A90500408FD3;
			packageReferences = (
				A554C0FA2AA2AA8900408FD3 /* XCRemoteSwiftPackageReference "swift-composable-architecture" */,
				A5D3AC192AA36CCE0021CDA2 /* XCRemoteSwiftPackageReference "AsyncLocationKit" */,
			);
			productRefGroup = A554C0E82AA2A90500408FD3 /* Products */;
			projectDirPath = "";
			projectRoot = "";
			targets = (
				A554C0E62AA2A90500408FD3 /* LocationBasedMeditation */,
			);
		};
/* End PBXProject section */

/* Begin PBXResourcesBuildPhase section */
		A554C0E52AA2A90500408FD3 /* Resources */ = {
			isa = PBXResourcesBuildPhase;
			buildActionMask = 2147483647;
			files = (
				A554C10C2AA2D24400408FD3 /* Readme.md in Resources */,
				A554C0F22AA2A90500408FD3 /* Preview Assets.xcassets in Resources */,
				A554C1002AA2AD7B00408FD3 /* data.json in Resources */,
				A554C0EF2AA2A90500408FD3 /* Assets.xcassets in Resources */,
				A554C1022AA2B28F00408FD3 /* data_with_location.json in Resources */,
			);
			runOnlyForDeploymentPostprocessing = 0;
		};
/* End PBXResourcesBuildPhase section */

/* Begin PBXSourcesBuildPhase section */
		A554C0E32AA2A90500408FD3 /* Sources */ = {
			isa = PBXSourcesBuildPhase;
			buildActionMask = 2147483647;
			files = (
				A554C10A2AA2CE1C00408FD3 /* LocationService.swift in Sources */,
				A5D3AC262AA47C680021CDA2 /* MeditationListHeader.swift in Sources */,
				A554C1042AA2BA2E00408FD3 /* Colors.swift in Sources */,
				A554C0FE2AA2AD1200408FD3 /* MeditationService.swift in Sources */,
				A5D3AC222AA3752F0021CDA2 /* MeditationFeature.swift in Sources */,
				A554C0F92AA2A95600408FD3 /* MeditationListItem.swift in Sources */,
				A5D3AC242AA3754B0021CDA2 /* Location+Extensions.swift in Sources */,
				A554C0ED2AA2A90500408FD3 /* MeditationList.swift in Sources */,
				A554C0EB2AA2A90500408FD3 /* LocationBasedMeditationApp.swift in Sources */,
				A5D3AC1D2AA36EAF0021CDA2 /* LocationClient.swift in Sources */,
				A554C1082AA2C9C300408FD3 /* Models.swift in Sources */,
			);
			runOnlyForDeploymentPostprocessing = 0;
		};
/* End PBXSourcesBuildPhase section */

/* Begin XCBuildConfiguration section */
		A554C0F32AA2A90500408FD3 /* Debug */ = {
			isa = XCBuildConfiguration;
			buildSettings = {
				ALWAYS_SEARCH_USER_PATHS = NO;
				CLANG_ANALYZER_NONNULL = YES;
				CLANG_ANALYZER_NUMBER_OBJECT_CONVERSION = YES_AGGRESSIVE;
				CLANG_CXX_LANGUAGE_STANDARD = "gnu++20";
				CLANG_ENABLE_MODULES = YES;
				CLANG_ENABLE_OBJC_ARC = YES;
				CLANG_ENABLE_OBJC_WEAK = YES;
				CLANG_WARN_BLOCK_CAPTURE_AUTORELEASING = YES;
				CLANG_WARN_BOOL_CONVERSION = YES;
				CLANG_WARN_COMMA = YES;
				CLANG_WARN_CONSTANT_CONVERSION = YES;
				CLANG_WARN_DEPRECATED_OBJC_IMPLEMENTATIONS = YES;
				CLANG_WARN_DIRECT_OBJC_ISA_USAGE = YES_ERROR;
				CLANG_WARN_DOCUMENTATION_COMMENTS = YES;
				CLANG_WARN_EMPTY_BODY = YES;
				CLANG_WARN_ENUM_CONVERSION = YES;
				CLANG_WARN_INFINITE_RECURSION = YES;
				CLANG_WARN_INT_CONVERSION = YES;
				CLANG_WARN_NON_LITERAL_NULL_CONVERSION = YES;
				CLANG_WARN_OBJC_IMPLICIT_RETAIN_SELF = YES;
				CLANG_WARN_OBJC_LITERAL_CONVERSION = YES;
				CLANG_WARN_OBJC_ROOT_CLASS = YES_ERROR;
				CLANG_WARN_QUOTED_INCLUDE_IN_FRAMEWORK_HEADER = YES;
				CLANG_WARN_RANGE_LOOP_ANALYSIS = YES;
				CLANG_WARN_STRICT_PROTOTYPES = YES;
				CLANG_WARN_SUSPICIOUS_MOVE = YES;
				CLANG_WARN_UNGUARDED_AVAILABILITY = YES_AGGRESSIVE;
				CLANG_WARN_UNREACHABLE_CODE = YES;
				CLANG_WARN__DUPLICATE_METHOD_MATCH = YES;
				COPY_PHASE_STRIP = NO;
				DEBUG_INFORMATION_FORMAT = dwarf;
				ENABLE_STRICT_OBJC_MSGSEND = YES;
				ENABLE_TESTABILITY = YES;
				GCC_C_LANGUAGE_STANDARD = gnu11;
				GCC_DYNAMIC_NO_PIC = NO;
				GCC_NO_COMMON_BLOCKS = YES;
				GCC_OPTIMIZATION_LEVEL = 0;
				GCC_PREPROCESSOR_DEFINITIONS = (
					"DEBUG=1",
					"$(inherited)",
				);
				GCC_WARN_64_TO_32_BIT_CONVERSION = YES;
				GCC_WARN_ABOUT_RETURN_TYPE = YES_ERROR;
				GCC_WARN_UNDECLARED_SELECTOR = YES;
				GCC_WARN_UNINITIALIZED_AUTOS = YES_AGGRESSIVE;
				GCC_WARN_UNUSED_FUNCTION = YES;
				GCC_WARN_UNUSED_VARIABLE = YES;
				IPHONEOS_DEPLOYMENT_TARGET = 16.4;
				MTL_ENABLE_DEBUG_INFO = INCLUDE_SOURCE;
				MTL_FAST_MATH = YES;
				ONLY_ACTIVE_ARCH = YES;
				SDKROOT = iphoneos;
				SWIFT_ACTIVE_COMPILATION_CONDITIONS = DEBUG;
				SWIFT_OPTIMIZATION_LEVEL = "-Onone";
			};
			name = Debug;
		};
		A554C0F42AA2A90500408FD3 /* Release */ = {
			isa = XCBuildConfiguration;
			buildSettings = {
				ALWAYS_SEARCH_USER_PATHS = NO;
				CLANG_ANALYZER_NONNULL = YES;
				CLANG_ANALYZER_NUMBER_OBJECT_CONVERSION = YES_AGGRESSIVE;
				CLANG_CXX_LANGUAGE_STANDARD = "gnu++20";
				CLANG_ENABLE_MODULES = YES;
				CLANG_ENABLE_OBJC_ARC = YES;
				CLANG_ENABLE_OBJC_WEAK = YES;
				CLANG_WARN_BLOCK_CAPTURE_AUTORELEASING = YES;
				CLANG_WARN_BOOL_CONVERSION = YES;
				CLANG_WARN_COMMA = YES;
				CLANG_WARN_CONSTANT_CONVERSION = YES;
				CLANG_WARN_DEPRECATED_OBJC_IMPLEMENTATIONS = YES;
				CLANG_WARN_DIRECT_OBJC_ISA_USAGE = YES_ERROR;
				CLANG_WARN_DOCUMENTATION_COMMENTS = YES;
				CLANG_WARN_EMPTY_BODY = YES;
				CLANG_WARN_ENUM_CONVERSION = YES;
				CLANG_WARN_INFINITE_RECURSION = YES;
				CLANG_WARN_INT_CONVERSION = YES;
				CLANG_WARN_NON_LITERAL_NULL_CONVERSION = YES;
				CLANG_WARN_OBJC_IMPLICIT_RETAIN_SELF = YES;
				CLANG_WARN_OBJC_LITERAL_CONVERSION = YES;
				CLANG_WARN_OBJC_ROOT_CLASS = YES_ERROR;
				CLANG_WARN_QUOTED_INCLUDE_IN_FRAMEWORK_HEADER = YES;
				CLANG_WARN_RANGE_LOOP_ANALYSIS = YES;
				CLANG_WARN_STRICT_PROTOTYPES = YES;
				CLANG_WARN_SUSPICIOUS_MOVE = YES;
				CLANG_WARN_UNGUARDED_AVAILABILITY = YES_AGGRESSIVE;
				CLANG_WARN_UNREACHABLE_CODE = YES;
				CLANG_WARN__DUPLICATE_METHOD_MATCH = YES;
				COPY_PHASE_STRIP = NO;
				DEBUG_INFORMATION_FORMAT = "dwarf-with-dsym";
				ENABLE_NS_ASSERTIONS = NO;
				ENABLE_STRICT_OBJC_MSGSEND = YES;
				GCC_C_LANGUAGE_STANDARD = gnu11;
				GCC_NO_COMMON_BLOCKS = YES;
				GCC_WARN_64_TO_32_BIT_CONVERSION = YES;
				GCC_WARN_ABOUT_RETURN_TYPE = YES_ERROR;
				GCC_WARN_UNDECLARED_SELECTOR = YES;
				GCC_WARN_UNINITIALIZED_AUTOS = YES_AGGRESSIVE;
				GCC_WARN_UNUSED_FUNCTION = YES;
				GCC_WARN_UNUSED_VARIABLE = YES;
				IPHONEOS_DEPLOYMENT_TARGET = 16.4;
				MTL_ENABLE_DEBUG_INFO = NO;
				MTL_FAST_MATH = YES;
				SDKROOT = iphoneos;
				SWIFT_COMPILATION_MODE = wholemodule;
				SWIFT_OPTIMIZATION_LEVEL = "-O";
				VALIDATE_PRODUCT = YES;
			};
			name = Release;
		};
		A554C0F62AA2A90500408FD3 /* Debug */ = {
			isa = XCBuildConfiguration;
			buildSettings = {
				ASSETCATALOG_COMPILER_APPICON_NAME = AppIcon;
				ASSETCATALOG_COMPILER_GLOBAL_ACCENT_COLOR_NAME = AccentColor;
				CODE_SIGN_STYLE = Automatic;
				CURRENT_PROJECT_VERSION = 1;
				DEVELOPMENT_ASSET_PATHS = "\"LocationBasedMeditation/Preview Content\"";
				DEVELOPMENT_TEAM = 6DS2GKZ2V5;
				ENABLE_PREVIEWS = YES;
				GENERATE_INFOPLIST_FILE = YES;
				INFOPLIST_KEY_CFBundleDisplayName = Meditations;
				INFOPLIST_KEY_NSLocationWhenInUseUsageDescription = "The app uses your location to provide personalized meditations.";
				INFOPLIST_KEY_UIApplicationSceneManifest_Generation = YES;
				INFOPLIST_KEY_UIApplicationSupportsIndirectInputEvents = YES;
				INFOPLIST_KEY_UILaunchScreen_Generation = YES;
				INFOPLIST_KEY_UISupportedInterfaceOrientations_iPad = "UIInterfaceOrientationPortrait UIInterfaceOrientationPortraitUpsideDown UIInterfaceOrientationLandscapeLeft UIInterfaceOrientationLandscapeRight";
				INFOPLIST_KEY_UISupportedInterfaceOrientations_iPhone = "UIInterfaceOrientationPortrait UIInterfaceOrientationLandscapeLeft UIInterfaceOrientationLandscapeRight";
				LD_RUNPATH_SEARCH_PATHS = (
					"$(inherited)",
					"@executable_path/Frameworks",
				);
				MARKETING_VERSION = 1.0;
				PRODUCT_BUNDLE_IDENTIFIER = hu.rumori.LocationBasedMeditation;
				PRODUCT_NAME = "$(TARGET_NAME)";
				SWIFT_EMIT_LOC_STRINGS = YES;
				SWIFT_VERSION = 5.0;
				TARGETED_DEVICE_FAMILY = "1,2";
			};
			name = Debug;
		};
		A554C0F72AA2A90500408FD3 /* Release */ = {
			isa = XCBuildConfiguration;
			buildSettings = {
				ASSETCATALOG_COMPILER_APPICON_NAME = AppIcon;
				ASSETCATALOG_COMPILER_GLOBAL_ACCENT_COLOR_NAME = AccentColor;
				CODE_SIGN_STYLE = Automatic;
				CURRENT_PROJECT_VERSION = 1;
				DEVELOPMENT_ASSET_PATHS = "\"LocationBasedMeditation/Preview Content\"";
				DEVELOPMENT_TEAM = 6DS2GKZ2V5;
				ENABLE_PREVIEWS = YES;
				GENERATE_INFOPLIST_FILE = YES;
				INFOPLIST_KEY_CFBundleDisplayName = Meditations;
				INFOPLIST_KEY_NSLocationWhenInUseUsageDescription = "The app uses your location to provide personalized meditations.";
				INFOPLIST_KEY_UIApplicationSceneManifest_Generation = YES;
				INFOPLIST_KEY_UIApplicationSupportsIndirectInputEvents = YES;
				INFOPLIST_KEY_UILaunchScreen_Generation = YES;
				INFOPLIST_KEY_UISupportedInterfaceOrientations_iPad = "UIInterfaceOrientationPortrait UIInterfaceOrientationPortraitUpsideDown UIInterfaceOrientationLandscapeLeft UIInterfaceOrientationLandscapeRight";
				INFOPLIST_KEY_UISupportedInterfaceOrientations_iPhone = "UIInterfaceOrientationPortrait UIInterfaceOrientationLandscapeLeft UIInterfaceOrientationLandscapeRight";
				LD_RUNPATH_SEARCH_PATHS = (
					"$(inherited)",
					"@executable_path/Frameworks",
				);
				MARKETING_VERSION = 1.0;
				PRODUCT_BUNDLE_IDENTIFIER = hu.rumori.LocationBasedMeditation;
				PRODUCT_NAME = "$(TARGET_NAME)";
				SWIFT_EMIT_LOC_STRINGS = YES;
				SWIFT_VERSION = 5.0;
				TARGETED_DEVICE_FAMILY = "1,2";
			};
			name = Release;
		};
/* End XCBuildConfiguration section */

/* Begin XCConfigurationList section */
		A554C0E22AA2A90500408FD3 /* Build configuration list for PBXProject "LocationBasedMeditation" */ = {
			isa = XCConfigurationList;
			buildConfigurations = (
				A554C0F32AA2A90500408FD3 /* Debug */,
				A554C0F42AA2A90500408FD3 /* Release */,
			);
			defaultConfigurationIsVisible = 0;
			defaultConfigurationName = Release;
		};
		A554C0F52AA2A90500408FD3 /* Build configuration list for PBXNativeTarget "LocationBasedMeditation" */ = {
			isa = XCConfigurationList;
			buildConfigurations = (
				A554C0F62AA2A90500408FD3 /* Debug */,
				A554C0F72AA2A90500408FD3 /* Release */,
			);
			defaultConfigurationIsVisible = 0;
			defaultConfigurationName = Release;
		};
/* End XCConfigurationList section */

/* Begin XCRemoteSwiftPackageReference section */
		A554C0FA2AA2AA8900408FD3 /* XCRemoteSwiftPackageReference "swift-composable-architecture" */ = {
			isa = XCRemoteSwiftPackageReference;
			repositoryURL = "https://github.com/pointfreeco/swift-composable-architecture";
			requirement = {
				kind = upToNextMajorVersion;
				minimumVersion = 1.0.0;
			};
		};
		A5D3AC192AA36CCE0021CDA2 /* XCRemoteSwiftPackageReference "AsyncLocationKit" */ = {
			isa = XCRemoteSwiftPackageReference;
			repositoryURL = "https://github.com/intonarumori/AsyncLocationKit.git";
			requirement = {
				branch = "issue40-signification-location-updates";
				kind = branch;
			};
		};
/* End XCRemoteSwiftPackageReference section */

/* Begin XCSwiftPackageProductDependency section */
		A554C0FB2AA2AA8900408FD3 /* ComposableArchitecture */ = {
			isa = XCSwiftPackageProductDependency;
			package = A554C0FA2AA2AA8900408FD3 /* XCRemoteSwiftPackageReference "swift-composable-architecture" */;
			productName = ComposableArchitecture;
		};
		A5D3AC1A2AA36CCE0021CDA2 /* AsyncLocationKit */ = {
			isa = XCSwiftPackageProductDependency;
			package = A5D3AC192AA36CCE0021CDA2 /* XCRemoteSwiftPackageReference "AsyncLocationKit" */;
			productName = AsyncLocationKit;
		};
/* End XCSwiftPackageProductDependency section */
	};
	rootObject = A554C0DF2AA2A90500408FD3 /* Project object */;
}
